
Microsoft Visual Studio Solution File, Format Version 12.00
# Visual Studio Version 17
VisualStudioVersion = 17.6.33801.468
MinimumVisualStudioVersion = 10.0.40219.1
Project("{FAE04EC0-301F-11D3-BF4B-00C04F79EFBC}") = "SuperAnalyseurDeBourse", "SuperAnalyseurDeBourse\SuperAnalyseurDeBourse.csproj", "{24B878FE-4938-4307-A90A-4943877E6F72}"
EndProject
Project("{FAE04EC0-301F-11D3-BF4B-00C04F79EFBC}") = "SuperAnalyseurDeBourseTests", "SuperAnalyseurDeBourseTests\SuperAnalyseurDeBourseTests.csproj", "{F5268CCF-65DB-4D11-8B1C-4C31EFC0682F}"
EndProject
Global
	GlobalSection(SolutionConfigurationPlatforms) = preSolution
		Debug|Any CPU = Debug|Any CPU
		Release|Any CPU = Release|Any CPU
	EndGlobalSection
	GlobalSection(ProjectConfigurationPlatforms) = postSolution
		{24B878FE-4938-4307-A90A-4943877E6F72}.Debug|Any CPU.ActiveCfg = Debug|Any CPU
		{24B878FE-4938-4307-A90A-4943877E6F72}.Debug|Any CPU.Build.0 = Debug|Any CPU
		{24B878FE-4938-4307-A90A-4943877E6F72}.Release|Any CPU.ActiveCfg = Release|Any CPU
		{24B878FE-4938-4307-A90A-4943877E6F72}.Release|Any CPU.Build.0 = Release|Any CPU
		{F5268CCF-65DB-4D11-8B1C-4C31EFC0682F}.Debug|Any CPU.ActiveCfg = Debug|Any CPU
		{F5268CCF-65DB-4D11-8B1C-4C31EFC0682F}.Debug|Any CPU.Build.0 = Debug|Any CPU
		{F5268CCF-65DB-4D11-8B1C-4C31EFC0682F}.Release|Any CPU.ActiveCfg = Release|Any CPU
		{F5268CCF-65DB-4D11-8B1C-4C31EFC0682F}.Release|Any CPU.Build.0 = Release|Any CPU
	EndGlobalSection
	GlobalSection(SolutionProperties) = preSolution
		HideSolutionNode = FALSE
	EndGlobalSection
	GlobalSection(ExtensibilityGlobals) = postSolution
		SolutionGuid = {27C1EE73-DC66-4CAC-874D-7FAAE571A9F6}
	EndGlobalSection
EndGlobal
